# This file is automatically @generated by Cargo.
# It is not intended for manual editing.
version = 4

[[package]]
name = "algorithm"
version = "0.1.0"

[[package]]
name = "chapter_01"
version = "0.1.0"

[[package]]
name = "chapter_02"
version = "0.1.0"

[[package]]
name = "cpu"
version = "0.1.0"

[[package]]
name = "exercises"
version = "0.0.0"

[[package]]
name = "guide_learn"
version = "0.1.0"

[[package]]
name = "lab_borrowing"
version = "0.1.0"

[[package]]
name = "lab_condition"
version = "0.1.0"

[[package]]
name = "lab_loop"
version = "0.1.0"

[[package]]
name = "lab_loop_for"
version = "0.1.0"

[[package]]
name = "lab_ownership"
version = "0.1.0"

[[package]]
name = "lab_reference"
version = "0.1.0"

[[package]]
name = "lab_slice"
version = "0.1.0"

[[package]]
name = "lab_trait"
version = "0.1.0"
